
Microsoft Visual Studio Solution File, Format Version 11.00
# Visual Studio 2010
Project("{FAE04EC0-301F-11D3-BF4B-00C04F79EFBC}") = "SimpleWebTransport", "SimpleWebTransport.csproj", "{715F5DBC-CD90-2E2C-7025-BBCF8B3DDB35}"
EndProject
Project("{FAE04EC0-301F-11D3-BF4B-00C04F79EFBC}") = "Mirror", "Mirror.csproj", "{571B8D0D-1B22-0BB7-13FF-B81A74EEF9EF}"
EndProject
Project("{FAE04EC0-301F-11D3-BF4B-00C04F79EFBC}") = "Telepathy", "Telepathy.csproj", "{8F2C1E83-41DE-FDA1-2A76-BEF31B633087}"
EndProject
Project("{FAE04EC0-301F-11D3-BF4B-00C04F79EFBC}") = "Scripts", "Scripts.csproj", "{2AF423C9-D55A-17F3-9DB2-4AC0DCE3C9FB}"
EndProject
Project("{FAE04EC0-301F-11D3-BF4B-00C04F79EFBC}") = "Mirror.Cloud", "Mirror.Cloud.csproj", "{67372328-D9B7-B9CA-ACD5-1C341DA361F5}"
EndProject
Project("{FAE04EC0-301F-11D3-BF4B-00C04F79EFBC}") = "Mirror.Components", "Mirror.Components.csproj", "{75C0180A-F4E3-2D78-95B8-665E7844273E}"
EndProject
Project("{FAE04EC0-301F-11D3-BF4B-00C04F79EFBC}") = "Mirror.Examples", "Mirror.Examples.csproj", "{1A952388-4358-EDFC-7E14-E2C8F8B783B2}"
EndProject
Project("{FAE04EC0-301F-11D3-BF4B-00C04F79EFBC}") = "PlayModeTest", "PlayModeTest.csproj", "{73633D93-4BF7-3DE9-0AEE-65714D63CD34}"
EndProject
Project("{FAE04EC0-301F-11D3-BF4B-00C04F79EFBC}") = "Mirror.Examples.Cloud.GUI", "Mirror.Examples.Cloud.GUI.csproj", "{485E52DB-DB10-BBCB-D008-582EF27EE78A}"
EndProject
Project("{FAE04EC0-301F-11D3-BF4B-00C04F79EFBC}") = "kcp2k", "kcp2k.csproj", "{F91EA7F5-5B7B-49D6-39A5-158CEA5A6B98}"
EndProject
Project("{FAE04EC0-301F-11D3-BF4B-00C04F79EFBC}") = "Mirror.Examples.Cloud.Pong", "Mirror.Examples.Cloud.Pong.csproj", "{95179982-5324-7F45-35A6-0436B441462D}"
EndProject
Project("{FAE04EC0-301F-11D3-BF4B-00C04F79EFBC}") = "Mirror.Authenticators", "Mirror.Authenticators.csproj", "{31304BE7-F35E-EF02-C362-1863CE0AA0D7}"
EndProject
Project("{FAE04EC0-301F-11D3-BF4B-00C04F79EFBC}") = "Mirror.Weaver", "Mirror.Weaver.csproj", "{5536F590-E45F-83A8-BE2C-6B57D269C331}"
EndProject
Project("{FAE04EC0-301F-11D3-BF4B-00C04F79EFBC}") = "Mirror.Editor", "Mirror.Editor.csproj", "{5CB06D73-A2A3-6D99-9A5B-71DAA0E9A588}"
EndProject
Project("{FAE04EC0-301F-11D3-BF4B-00C04F79EFBC}") = "Mirror.CompilerSymbols", "Mirror.CompilerSymbols.csproj", "{C3EBF4E6-EC84-5397-20AD-F80F08B25F6D}"
EndProject
Global
	GlobalSection(SolutionConfigurationPlatforms) = preSolution
		Debug|Any CPU = Debug|Any CPU
		Release|Any CPU = Release|Any CPU
	EndGlobalSection
	GlobalSection(ProjectConfigurationPlatforms) = postSolution
		{715F5DBC-CD90-2E2C-7025-BBCF8B3DDB35}.Debug|Any CPU.ActiveCfg = Debug|Any CPU
		{715F5DBC-CD90-2E2C-7025-BBCF8B3DDB35}.Debug|Any CPU.Build.0 = Debug|Any CPU
		{715F5DBC-CD90-2E2C-7025-BBCF8B3DDB35}.Release|Any CPU.ActiveCfg = Release|Any CPU
		{715F5DBC-CD90-2E2C-7025-BBCF8B3DDB35}.Release|Any CPU.Build.0 = Release|Any CPU
		{571B8D0D-1B22-0BB7-13FF-B81A74EEF9EF}.Debug|Any CPU.ActiveCfg = Debug|Any CPU
		{571B8D0D-1B22-0BB7-13FF-B81A74EEF9EF}.Debug|Any CPU.Build.0 = Debug|Any CPU
		{571B8D0D-1B22-0BB7-13FF-B81A74EEF9EF}.Release|Any CPU.ActiveCfg = Release|Any CPU
		{571B8D0D-1B22-0BB7-13FF-B81A74EEF9EF}.Release|Any CPU.Build.0 = Release|Any CPU
		{8F2C1E83-41DE-FDA1-2A76-BEF31B633087}.Debug|Any CPU.ActiveCfg = Debug|Any CPU
		{8F2C1E83-41DE-FDA1-2A76-BEF31B633087}.Debug|Any CPU.Build.0 = Debug|Any CPU
		{8F2C1E83-41DE-FDA1-2A76-BEF31B633087}.Release|Any CPU.ActiveCfg = Release|Any CPU
		{8F2C1E83-41DE-FDA1-2A76-BEF31B633087}.Release|Any CPU.Build.0 = Release|Any CPU
		{2AF423C9-D55A-17F3-9DB2-4AC0DCE3C9FB}.Debug|Any CPU.ActiveCfg = Debug|Any CPU
		{2AF423C9-D55A-17F3-9DB2-4AC0DCE3C9FB}.Debug|Any CPU.Build.0 = Debug|Any CPU
		{2AF423C9-D55A-17F3-9DB2-4AC0DCE3C9FB}.Release|Any CPU.ActiveCfg = Release|Any CPU
		{2AF423C9-D55A-17F3-9DB2-4AC0DCE3C9FB}.Release|Any CPU.Build.0 = Release|Any CPU
		{67372328-D9B7-B9CA-ACD5-1C341DA361F5}.Debug|Any CPU.ActiveCfg = Debug|Any CPU
		{67372328-D9B7-B9CA-ACD5-1C341DA361F5}.Debug|Any CPU.Build.0 = Debug|Any CPU
		{67372328-D9B7-B9CA-ACD5-1C341DA361F5}.Release|Any CPU.ActiveCfg = Release|Any CPU
		{67372328-D9B7-B9CA-ACD5-1C341DA361F5}.Release|Any CPU.Build.0 = Release|Any CPU
		{75C0180A-F4E3-2D78-95B8-665E7844273E}.Debug|Any CPU.ActiveCfg = Debug|Any CPU
		{75C0180A-F4E3-2D78-95B8-665E7844273E}.Debug|Any CPU.Build.0 = Debug|Any CPU
		{75C0180A-F4E3-2D78-95B8-665E7844273E}.Release|Any CPU.ActiveCfg = Release|Any CPU
		{75C0180A-F4E3-2D78-95B8-665E7844273E}.Release|Any CPU.Build.0 = Release|Any CPU
		{1A952388-4358-EDFC-7E14-E2C8F8B783B2}.Debug|Any CPU.ActiveCfg = Debug|Any CPU
		{1A952388-4358-EDFC-7E14-E2C8F8B783B2}.Debug|Any CPU.Build.0 = Debug|Any CPU
		{1A952388-4358-EDFC-7E14-E2C8F8B783B2}.Release|Any CPU.ActiveCfg = Release|Any CPU
		{1A952388-4358-EDFC-7E14-E2C8F8B783B2}.Release|Any CPU.Build.0 = Release|Any CPU
		{73633D93-4BF7-3DE9-0AEE-65714D63CD34}.Debug|Any CPU.ActiveCfg = Debug|Any CPU
		{73633D93-4BF7-3DE9-0AEE-65714D63CD34}.Debug|Any CPU.Build.0 = Debug|Any CPU
		{73633D93-4BF7-3DE9-0AEE-65714D63CD34}.Release|Any CPU.ActiveCfg = Release|Any CPU
		{73633D93-4BF7-3DE9-0AEE-65714D63CD34}.Release|Any CPU.Build.0 = Release|Any CPU
		{485E52DB-DB10-BBCB-D008-582EF27EE78A}.Debug|Any CPU.ActiveCfg = Debug|Any CPU
		{485E52DB-DB10-BBCB-D008-582EF27EE78A}.Debug|Any CPU.Build.0 = Debug|Any CPU
		{485E52DB-DB10-BBCB-D008-582EF27EE78A}.Release|Any CPU.ActiveCfg = Release|Any CPU
		{485E52DB-DB10-BBCB-D008-582EF27EE78A}.Release|Any CPU.Build.0 = Release|Any CPU
		{F91EA7F5-5B7B-49D6-39A5-158CEA5A6B98}.Debug|Any CPU.ActiveCfg = Debug|Any CPU
		{F91EA7F5-5B7B-49D6-39A5-158CEA5A6B98}.Debug|Any CPU.Build.0 = Debug|Any CPU
		{F91EA7F5-5B7B-49D6-39A5-158CEA5A6B98}.Release|Any CPU.ActiveCfg = Release|Any CPU
		{F91EA7F5-5B7B-49D6-39A5-158CEA5A6B98}.Release|Any CPU.Build.0 = Release|Any CPU
		{95179982-5324-7F45-35A6-0436B441462D}.Debug|Any CPU.ActiveCfg = Debug|Any CPU
		{95179982-5324-7F45-35A6-0436B441462D}.Debug|Any CPU.Build.0 = Debug|Any CPU
		{95179982-5324-7F45-35A6-0436B441462D}.Release|Any CPU.ActiveCfg = Release|Any CPU
		{95179982-5324-7F45-35A6-0436B441462D}.Release|Any CPU.Build.0 = Release|Any CPU
		{31304BE7-F35E-EF02-C362-1863CE0AA0D7}.Debug|Any CPU.ActiveCfg = Debug|Any CPU
		{31304BE7-F35E-EF02-C362-1863CE0AA0D7}.Debug|Any CPU.Build.0 = Debug|Any CPU
		{31304BE7-F35E-EF02-C362-1863CE0AA0D7}.Release|Any CPU.ActiveCfg = Release|Any CPU
		{31304BE7-F35E-EF02-C362-1863CE0AA0D7}.Release|Any CPU.Build.0 = Release|Any CPU
		{5536F590-E45F-83A8-BE2C-6B57D269C331}.Debug|Any CPU.ActiveCfg = Debug|Any CPU
		{5536F590-E45F-83A8-BE2C-6B57D269C331}.Debug|Any CPU.Build.0 = Debug|Any CPU
		{5536F590-E45F-83A8-BE2C-6B57D269C331}.Release|Any CPU.ActiveCfg = Release|Any CPU
		{5536F590-E45F-83A8-BE2C-6B57D269C331}.Release|Any CPU.Build.0 = Release|Any CPU
		{5CB06D73-A2A3-6D99-9A5B-71DAA0E9A588}.Debug|Any CPU.ActiveCfg = Debug|Any CPU
		{5CB06D73-A2A3-6D99-9A5B-71DAA0E9A588}.Debug|Any CPU.Build.0 = Debug|Any CPU
		{5CB06D73-A2A3-6D99-9A5B-71DAA0E9A588}.Release|Any CPU.ActiveCfg = Release|Any CPU
		{5CB06D73-A2A3-6D99-9A5B-71DAA0E9A588}.Release|Any CPU.Build.0 = Release|Any CPU
		{C3EBF4E6-EC84-5397-20AD-F80F08B25F6D}.Debug|Any CPU.ActiveCfg = Debug|Any CPU
		{C3EBF4E6-EC84-5397-20AD-F80F08B25F6D}.Debug|Any CPU.Build.0 = Debug|Any CPU
		{C3EBF4E6-EC84-5397-20AD-F80F08B25F6D}.Release|Any CPU.ActiveCfg = Release|Any CPU
		{C3EBF4E6-EC84-5397-20AD-F80F08B25F6D}.Release|Any CPU.Build.0 = Release|Any CPU
	EndGlobalSection
	GlobalSection(SolutionProperties) = preSolution
		HideSolutionNode = FALSE
	EndGlobalSection
EndGlobal
